
Microsoft Visual Studio Solution File, Format Version 12.00
# Visual Studio Version 16
VisualStudioVersion = 16.0.30204.135
MinimumVisualStudioVersion = 10.0.40219.1
Project("{FAE04EC0-301F-11D3-BF4B-00C04F79EFBC}") = "emissione", "emissione\emissione.csproj", "{837D4B0D-1823-4881-85EC-EE9C6B7DC6D5}"
EndProject
Global
	GlobalSection(SolutionConfigurationPlatforms) = preSolution
		Debug|Any CPU = Debug|Any CPU
		Release|Any CPU = Release|Any CPU
	EndGlobalSection
	GlobalSection(ProjectConfigurationPlatforms) = postSolution
		{837D4B0D-1823-4881-85EC-EE9C6B7DC6D5}.Debug|Any CPU.ActiveCfg = Debug|Any CPU
		{837D4B0D-1823-4881-85EC-EE9C6B7DC6D5}.Debug|Any CPU.Build.0 = Debug|Any CPU
		{837D4B0D-1823-4881-85EC-EE9C6B7DC6D5}.Release|Any CPU.ActiveCfg = Release|Any CPU
		{837D4B0D-1823-4881-85EC-EE9C6B7DC6D5}.Release|Any CPU.Build.0 = Release|Any CPU
	EndGlobalSection
	GlobalSection(SolutionProperties) = preSolution
		HideSolutionNode = FALSE
	EndGlobalSection
	GlobalSection(ExtensibilityGlobals) = postSolution
		SolutionGuid = {3A1DF789-E1E9-4EE6-9D87-F6AD45614BDA}
	EndGlobalSection
EndGlobal
